
Microsoft Visual Studio Solution File, Format Version 12.00
# Visual Studio 2012
Project("{FAE04EC0-301F-11D3-BF4B-00C04F79EFBC}") = "TMap", "TMap\TMap.csproj", "{B280578E-1F01-458B-8ABA-5AFB02C420FA}"
EndProject
Project("{FAE04EC0-301F-11D3-BF4B-00C04F79EFBC}") = "CSharp", "CSharp\CSharp.csproj", "{7EC10134-3B68-4869-BD81-A230581017AF}"
EndProject
Project("{FAE04EC0-301F-11D3-BF4B-00C04F79EFBC}") = "ArcGisWebApi", "ArcGisWebApi\ArcGisWebApi.csproj", "{CAEB7C38-B7AA-4B21-B1AC-A2D023076BA3}"
EndProject
Project("{FAE04EC0-301F-11D3-BF4B-00C04F79EFBC}") = "webSite", "webSite\webSite.csproj", "{626A5C42-6157-4D0A-9181-69AD02BCC4F9}"
EndProject
Project("{FAE04EC0-301F-11D3-BF4B-00C04F79EFBC}") = "Dapper", "Dapper\Dapper.csproj", "{17488326-D7BF-4779-B448-A8A7A06B4593}"
EndProject
Project("{2150E333-8FDC-42A3-9474-1A3956D46DE8}") = "Socket", "Socket", "{75E92826-586E-412B-B95C-03248AE43590}"
EndProject
Project("{FAE04EC0-301F-11D3-BF4B-00C04F79EFBC}") = "Bany.TcpSocket", "BanySample.TcpSocket\Bany.TcpSocket.csproj", "{EA88A50F-35E9-437C-AB58-6B472D286761}"
EndProject
Project("{2150E333-8FDC-42A3-9474-1A3956D46DE8}") = "Log", "Log", "{94733180-C1CD-4B46-B7AB-06027538A454}"
EndProject
Project("{FAE04EC0-301F-11D3-BF4B-00C04F79EFBC}") = "Bany.Log", "Bany.Log\Bany.Log.csproj", "{B18D557F-F214-4903-B815-0676000D417C}"
EndProject
Project("{FAE04EC0-301F-11D3-BF4B-00C04F79EFBC}") = "Bany.TcpSocket.Test", "Bany.TcpSocket.Test\Bany.TcpSocket.Test.csproj", "{03E2D42B-671A-46C2-AED0-B33F84D86ACF}"
EndProject
Project("{2150E333-8FDC-42A3-9474-1A3956D46DE8}") = "Office", "Office", "{07C306A1-7D69-4B62-9961-6F5DC084B4F1}"
EndProject
Project("{FAE04EC0-301F-11D3-BF4B-00C04F79EFBC}") = "Bany.Office.Excel", "Bany.Office.Excel\Bany.Office.Excel.csproj", "{680692F9-53CC-4C8F-B589-B693997A68D2}"
EndProject
Project("{FAE04EC0-301F-11D3-BF4B-00C04F79EFBC}") = "Bany.Office.WordOP", "Bany.Office.Word\Bany.Office.WordOP.csproj", "{9D5A0079-99BD-48CB-8079-D42FBEDD61C8}"
EndProject
Project("{2150E333-8FDC-42A3-9474-1A3956D46DE8}") = "XML", "XML", "{6B77751B-8F1A-4B35-A799-A8EB1C9FB458}"
EndProject
Project("{FAE04EC0-301F-11D3-BF4B-00C04F79EFBC}") = "Bany.XML", "Bany.XML\Bany.XML.csproj", "{243BA5AD-DA49-4BE3-82E7-89C74BD0BC27}"
EndProject
Project("{FAE04EC0-301F-11D3-BF4B-00C04F79EFBC}") = "Bany.Common", "Bany.Common\Bany.Common.csproj", "{308420F6-402B-4584-B0B3-992E06857D36}"
EndProject
Project("{2150E333-8FDC-42A3-9474-1A3956D46DE8}") = "Serialize", "Serialize", "{542186F5-A03D-4A4E-981D-751454FD45D5}"
EndProject
Project("{FAE04EC0-301F-11D3-BF4B-00C04F79EFBC}") = "Bany.Serialize", "Bany.Serialize\Bany.Serialize.csproj", "{10D68BBC-3AA0-49DF-BEB7-7141D51A52F1}"
EndProject
Project("{FAE04EC0-301F-11D3-BF4B-00C04F79EFBC}") = "Bany.Serialize.Test", "Bany.Serialize.Test\Bany.Serialize.Test.csproj", "{E5D967EB-8C07-46E4-9CD0-A652ABD52581}"
EndProject
Project("{2150E333-8FDC-42A3-9474-1A3956D46DE8}") = "Cache", "Cache", "{38011007-C732-4CFE-B5AF-A669786107D5}"
EndProject
Project("{FAE04EC0-301F-11D3-BF4B-00C04F79EFBC}") = "Cache", "Cache\Cache.csproj", "{E82B27FD-F1A5-42C9-A526-F3D2EC546E49}"
EndProject
Global
	GlobalSection(SolutionConfigurationPlatforms) = preSolution
		Debug|Any CPU = Debug|Any CPU
		Release|Any CPU = Release|Any CPU
	EndGlobalSection
	GlobalSection(ProjectConfigurationPlatforms) = postSolution
		{B280578E-1F01-458B-8ABA-5AFB02C420FA}.Debug|Any CPU.ActiveCfg = Debug|Any CPU
		{B280578E-1F01-458B-8ABA-5AFB02C420FA}.Debug|Any CPU.Build.0 = Debug|Any CPU
		{B280578E-1F01-458B-8ABA-5AFB02C420FA}.Release|Any CPU.ActiveCfg = Release|Any CPU
		{B280578E-1F01-458B-8ABA-5AFB02C420FA}.Release|Any CPU.Build.0 = Release|Any CPU
		{7EC10134-3B68-4869-BD81-A230581017AF}.Debug|Any CPU.ActiveCfg = Debug|Any CPU
		{7EC10134-3B68-4869-BD81-A230581017AF}.Debug|Any CPU.Build.0 = Debug|Any CPU
		{7EC10134-3B68-4869-BD81-A230581017AF}.Release|Any CPU.ActiveCfg = Release|Any CPU
		{7EC10134-3B68-4869-BD81-A230581017AF}.Release|Any CPU.Build.0 = Release|Any CPU
		{CAEB7C38-B7AA-4B21-B1AC-A2D023076BA3}.Debug|Any CPU.ActiveCfg = Debug|Any CPU
		{CAEB7C38-B7AA-4B21-B1AC-A2D023076BA3}.Debug|Any CPU.Build.0 = Debug|Any CPU
		{CAEB7C38-B7AA-4B21-B1AC-A2D023076BA3}.Release|Any CPU.ActiveCfg = Release|Any CPU
		{CAEB7C38-B7AA-4B21-B1AC-A2D023076BA3}.Release|Any CPU.Build.0 = Release|Any CPU
		{626A5C42-6157-4D0A-9181-69AD02BCC4F9}.Debug|Any CPU.ActiveCfg = Debug|Any CPU
		{626A5C42-6157-4D0A-9181-69AD02BCC4F9}.Debug|Any CPU.Build.0 = Debug|Any CPU
		{626A5C42-6157-4D0A-9181-69AD02BCC4F9}.Release|Any CPU.ActiveCfg = Release|Any CPU
		{626A5C42-6157-4D0A-9181-69AD02BCC4F9}.Release|Any CPU.Build.0 = Release|Any CPU
		{17488326-D7BF-4779-B448-A8A7A06B4593}.Debug|Any CPU.ActiveCfg = Debug|Any CPU
		{17488326-D7BF-4779-B448-A8A7A06B4593}.Debug|Any CPU.Build.0 = Debug|Any CPU
		{17488326-D7BF-4779-B448-A8A7A06B4593}.Release|Any CPU.ActiveCfg = Release|Any CPU
		{17488326-D7BF-4779-B448-A8A7A06B4593}.Release|Any CPU.Build.0 = Release|Any CPU
		{EA88A50F-35E9-437C-AB58-6B472D286761}.Debug|Any CPU.ActiveCfg = Debug|Any CPU
		{EA88A50F-35E9-437C-AB58-6B472D286761}.Debug|Any CPU.Build.0 = Debug|Any CPU
		{EA88A50F-35E9-437C-AB58-6B472D286761}.Release|Any CPU.ActiveCfg = Release|Any CPU
		{EA88A50F-35E9-437C-AB58-6B472D286761}.Release|Any CPU.Build.0 = Release|Any CPU
		{B18D557F-F214-4903-B815-0676000D417C}.Debug|Any CPU.ActiveCfg = Debug|Any CPU
		{B18D557F-F214-4903-B815-0676000D417C}.Debug|Any CPU.Build.0 = Debug|Any CPU
		{B18D557F-F214-4903-B815-0676000D417C}.Release|Any CPU.ActiveCfg = Release|Any CPU
		{B18D557F-F214-4903-B815-0676000D417C}.Release|Any CPU.Build.0 = Release|Any CPU
		{03E2D42B-671A-46C2-AED0-B33F84D86ACF}.Debug|Any CPU.ActiveCfg = Debug|x86
		{03E2D42B-671A-46C2-AED0-B33F84D86ACF}.Debug|Any CPU.Build.0 = Debug|x86
		{03E2D42B-671A-46C2-AED0-B33F84D86ACF}.Release|Any CPU.ActiveCfg = Release|Any CPU
		{03E2D42B-671A-46C2-AED0-B33F84D86ACF}.Release|Any CPU.Build.0 = Release|Any CPU
		{680692F9-53CC-4C8F-B589-B693997A68D2}.Debug|Any CPU.ActiveCfg = Debug|Any CPU
		{680692F9-53CC-4C8F-B589-B693997A68D2}.Debug|Any CPU.Build.0 = Debug|Any CPU
		{680692F9-53CC-4C8F-B589-B693997A68D2}.Release|Any CPU.ActiveCfg = Release|Any CPU
		{680692F9-53CC-4C8F-B589-B693997A68D2}.Release|Any CPU.Build.0 = Release|Any CPU
		{9D5A0079-99BD-48CB-8079-D42FBEDD61C8}.Debug|Any CPU.ActiveCfg = Debug|Any CPU
		{9D5A0079-99BD-48CB-8079-D42FBEDD61C8}.Debug|Any CPU.Build.0 = Debug|Any CPU
		{9D5A0079-99BD-48CB-8079-D42FBEDD61C8}.Release|Any CPU.ActiveCfg = Release|Any CPU
		{9D5A0079-99BD-48CB-8079-D42FBEDD61C8}.Release|Any CPU.Build.0 = Release|Any CPU
		{243BA5AD-DA49-4BE3-82E7-89C74BD0BC27}.Debug|Any CPU.ActiveCfg = Debug|Any CPU
		{243BA5AD-DA49-4BE3-82E7-89C74BD0BC27}.Debug|Any CPU.Build.0 = Debug|Any CPU
		{243BA5AD-DA49-4BE3-82E7-89C74BD0BC27}.Release|Any CPU.ActiveCfg = Release|Any CPU
		{243BA5AD-DA49-4BE3-82E7-89C74BD0BC27}.Release|Any CPU.Build.0 = Release|Any CPU
		{308420F6-402B-4584-B0B3-992E06857D36}.Debug|Any CPU.ActiveCfg = Debug|Any CPU
		{308420F6-402B-4584-B0B3-992E06857D36}.Debug|Any CPU.Build.0 = Debug|Any CPU
		{308420F6-402B-4584-B0B3-992E06857D36}.Release|Any CPU.ActiveCfg = Release|Any CPU
		{308420F6-402B-4584-B0B3-992E06857D36}.Release|Any CPU.Build.0 = Release|Any CPU
		{10D68BBC-3AA0-49DF-BEB7-7141D51A52F1}.Debug|Any CPU.ActiveCfg = Debug|Any CPU
		{10D68BBC-3AA0-49DF-BEB7-7141D51A52F1}.Debug|Any CPU.Build.0 = Debug|Any CPU
		{10D68BBC-3AA0-49DF-BEB7-7141D51A52F1}.Release|Any CPU.ActiveCfg = Release|Any CPU
		{10D68BBC-3AA0-49DF-BEB7-7141D51A52F1}.Release|Any CPU.Build.0 = Release|Any CPU
		{E5D967EB-8C07-46E4-9CD0-A652ABD52581}.Debug|Any CPU.ActiveCfg = Debug|x86
		{E5D967EB-8C07-46E4-9CD0-A652ABD52581}.Debug|Any CPU.Build.0 = Debug|x86
		{E5D967EB-8C07-46E4-9CD0-A652ABD52581}.Release|Any CPU.ActiveCfg = Release|Any CPU
		{E5D967EB-8C07-46E4-9CD0-A652ABD52581}.Release|Any CPU.Build.0 = Release|Any CPU
		{E82B27FD-F1A5-42C9-A526-F3D2EC546E49}.Debug|Any CPU.ActiveCfg = Debug|Any CPU
		{E82B27FD-F1A5-42C9-A526-F3D2EC546E49}.Debug|Any CPU.Build.0 = Debug|Any CPU
		{E82B27FD-F1A5-42C9-A526-F3D2EC546E49}.Release|Any CPU.ActiveCfg = Release|Any CPU
		{E82B27FD-F1A5-42C9-A526-F3D2EC546E49}.Release|Any CPU.Build.0 = Release|Any CPU
	EndGlobalSection
	GlobalSection(SolutionProperties) = preSolution
		HideSolutionNode = FALSE
	EndGlobalSection
	GlobalSection(NestedProjects) = preSolution
		{EA88A50F-35E9-437C-AB58-6B472D286761} = {75E92826-586E-412B-B95C-03248AE43590}
		{03E2D42B-671A-46C2-AED0-B33F84D86ACF} = {75E92826-586E-412B-B95C-03248AE43590}
		{B18D557F-F214-4903-B815-0676000D417C} = {94733180-C1CD-4B46-B7AB-06027538A454}
		{680692F9-53CC-4C8F-B589-B693997A68D2} = {07C306A1-7D69-4B62-9961-6F5DC084B4F1}
		{9D5A0079-99BD-48CB-8079-D42FBEDD61C8} = {07C306A1-7D69-4B62-9961-6F5DC084B4F1}
		{243BA5AD-DA49-4BE3-82E7-89C74BD0BC27} = {6B77751B-8F1A-4B35-A799-A8EB1C9FB458}
		{10D68BBC-3AA0-49DF-BEB7-7141D51A52F1} = {542186F5-A03D-4A4E-981D-751454FD45D5}
		{E5D967EB-8C07-46E4-9CD0-A652ABD52581} = {542186F5-A03D-4A4E-981D-751454FD45D5}
		{E82B27FD-F1A5-42C9-A526-F3D2EC546E49} = {38011007-C732-4CFE-B5AF-A669786107D5}
	EndGlobalSection
EndGlobal
